
Microsoft Visual Studio Solution File, Format Version 12.00
# Visual Studio Version 17
VisualStudioVersion = 17.14.36603.0
MinimumVisualStudioVersion = 10.0.40219.1
Project("{FAE04EC0-301F-11D3-BF4B-00C04F79EFBC}") = "RealEstate.Lib", "RealEstate.Lib\RealEstate.Lib.csproj", "{4CDF3946-C035-403C-95BF-073A8A322183}"
EndProject
Project("{FAE04EC0-301F-11D3-BF4B-00C04F79EFBC}") = "RealEstate.Lib.UnitTests", "RealEstate.Lib.UnitTests\RealEstate.Lib.UnitTests.csproj", "{89AA677C-99A3-4D95-8F0E-F34D25A4677B}"
EndProject
Global
	GlobalSection(SolutionConfigurationPlatforms) = preSolution
		Debug|Any CPU = Debug|Any CPU
		Release|Any CPU = Release|Any CPU
	EndGlobalSection
	GlobalSection(ProjectConfigurationPlatforms) = postSolution
		{4CDF3946-C035-403C-95BF-073A8A322183}.Debug|Any CPU.ActiveCfg = Debug|Any CPU
		{4CDF3946-C035-403C-95BF-073A8A322183}.Debug|Any CPU.Build.0 = Debug|Any CPU
		{4CDF3946-C035-403C-95BF-073A8A322183}.Release|Any CPU.ActiveCfg = Release|Any CPU
		{4CDF3946-C035-403C-95BF-073A8A322183}.Release|Any CPU.Build.0 = Release|Any CPU
		{89AA677C-99A3-4D95-8F0E-F34D25A4677B}.Debug|Any CPU.ActiveCfg = Debug|Any CPU
		{89AA677C-99A3-4D95-8F0E-F34D25A4677B}.Debug|Any CPU.Build.0 = Debug|Any CPU
		{89AA677C-99A3-4D95-8F0E-F34D25A4677B}.Release|Any CPU.ActiveCfg = Release|Any CPU
		{89AA677C-99A3-4D95-8F0E-F34D25A4677B}.Release|Any CPU.Build.0 = Release|Any CPU
	EndGlobalSection
	GlobalSection(SolutionProperties) = preSolution
		HideSolutionNode = FALSE
	EndGlobalSection
	GlobalSection(ExtensibilityGlobals) = postSolution
		SolutionGuid = {CA7D5843-053D-4097-8ADE-FE59828472D3}
	EndGlobalSection
EndGlobal
